// !$*UTF8*$!
{
	archiveVersion = 1;
	classes = {
	};
	objectVersion = 50;
	objects = {

/* Begin PBXBuildFile section */
		840B7F6B24E27EDA00676159 /* AppDelegate.swift in Sources */ = {isa = PBXBuildFile; fileRef = 840B7F6A24E27EDA00676159 /* AppDelegate.swift */; };
		840B7F6D24E27EDA00676159 /* SceneDelegate.swift in Sources */ = {isa = PBXBuildFile; fileRef = 840B7F6C24E27EDA00676159 /* SceneDelegate.swift */; };
		840B7F6F24E27EDA00676159 /* ViewController.swift in Sources */ = {isa = PBXBuildFile; fileRef = 840B7F6E24E27EDA00676159 /* ViewController.swift */; };
		840B7F7224E27EDA00676159 /* Main.storyboard in Resources */ = {isa = PBXBuildFile; fileRef = 840B7F7024E27EDA00676159 /* Main.storyboard */; };
		840B7F7424E27EF300676159 /* Assets.xcassets in Resources */ = {isa = PBXBuildFile; fileRef = 840B7F7324E27EF300676159 /* Assets.xcassets */; };
		840B7F7724E27EF300676159 /* LaunchScreen.storyboard in Resources */ = {isa = PBXBuildFile; fileRef = 840B7F7524E27EF300676159 /* LaunchScreen.storyboard */; };
		8439F55D24E3D19300084A86 /* WebViewController.swift in Sources */ = {isa = PBXBuildFile; fileRef = 8439F55C24E3D19300084A86 /* WebViewController.swift */; };
/* End PBXBuildFile section */

/* Begin PBXFileReference section */
		840B7F6724E27EDA00676159 /* VKOAuth2.app */ = {isa = PBXFileReference; explicitFileType = wrapper.application; includeInIndex = 0; path = VKOAuth2.app; sourceTree = BUILT_PRODUCTS_DIR; };
		840B7F6A24E27EDA00676159 /* AppDelegate.swift */ = {isa = PBXFileReference; lastKnownFileType = sourcecode.swift; path = AppDelegate.swift; sourceTree = "<group>"; };
		840B7F6C24E27EDA00676159 /* SceneDelegate.swift */ = {isa = PBXFileReference; lastKnownFileType = sourcecode.swift; path = SceneDelegate.swift; sourceTree = "<group>"; };
		840B7F6E24E27EDA00676159 /* ViewController.swift */ = {isa = PBXFileReference; lastKnownFileType = sourcecode.swift; path = ViewController.swift; sourceTree = "<group>"; };
		840B7F7124E27EDA00676159 /* Base */ = {isa = PBXFileReference; lastKnownFileType = file.storyboard; name = Base; path = Base.lproj/Main.storyboard; sourceTree = "<group>"; };
		840B7F7324E27EF300676159 /* Assets.xcassets */ = {isa = PBXFileReference; lastKnownFileType = folder.assetcatalog; path = Assets.xcassets; sourceTree = "<group>"; };
		840B7F7624E27EF300676159 /* Base */ = {isa = PBXFileReference; lastKnownFileType = file.storyboard; name = Base; path = Base.lproj/LaunchScreen.storyboard; sourceTree = "<group>"; };
		840B7F7824E27EF300676159 /* Info.plist */ = {isa = PBXFileReference; lastKnownFileType = text.plist.xml; path = Info.plist; sourceTree = "<group>"; };
		8439F55C24E3D19300084A86 /* WebViewController.swift */ = {isa = PBXFileReference; lastKnownFileType = sourcecode.swift; path = WebViewController.swift; sourceTree = "<group>"; };
/* End PBXFileReference section */

/* Begin PBXFrameworksBuildPhase section */
		840B7F6424E27EDA00676159 /* Frameworks */ = {
			isa = PBXFrameworksBuildPhase;
			buildActionMask = 2147483647;
			files = (
			);
			runOnlyForDeploymentPostprocessing = 0;
		};
/* End PBXFrameworksBuildPhase section */

/* Begin PBXGroup section */
		840B7F5E24E27EDA00676159 = {
			isa = PBXGroup;
			children = (
				840B7F6924E27EDA00676159 /* VKOAuth2 */,
			);
			sourceTree = "<group>";
		};
		840B7F6824E27EDA00676159 /* Products */ = {
			isa = PBXGroup;
			children = (
				840B7F6724E27EDA00676159 /* VKOAuth2.app */,
			);
			name = Products;
			path = ..;
			sourceTree = "<group>";
		};
		840B7F6924E27EDA00676159 /* VKOAuth2 */ = {
			isa = PBXGroup;
			children = (
				840B7F6A24E27EDA00676159 /* AppDelegate.swift */,
				840B7F6C24E27EDA00676159 /* SceneDelegate.swift */,
				840B7F6E24E27EDA00676159 /* ViewController.swift */,
				840B7F7024E27EDA00676159 /* Main.storyboard */,
				840B7F7324E27EF300676159 /* Assets.xcassets */,
				840B7F7524E27EF300676159 /* LaunchScreen.storyboard */,
				840B7F7824E27EF300676159 /* Info.plist */,
				8439F55C24E3D19300084A86 /* WebViewController.swift */,
				840B7F6824E27EDA00676159 /* Products */,
			);
			path = VKOAuth2;
			sourceTree = "<group>";
		};
/* End PBXGroup section */

/* Begin PBXNativeTarget section */
		840B7F6624E27EDA00676159 /* VKOAuth2 */ = {
			isa = PBXNativeTarget;
			buildConfigurationList = 840B7F7B24E27EF300676159 /* Build configuration list for PBXNativeTarget "VKOAuth2" */;
			buildPhases = (
				840B7F6324E27EDA00676159 /* Sources */,
				840B7F6424E27EDA00676159 /* Frameworks */,
				840B7F6524E27EDA00676159 /* Resources */,
			);
			buildRules = (
			);
			dependencies = (
			);
			name = VKOAuth2;
			productName = VKOAuth2;
			productReference = 840B7F6724E27EDA00676159 /* VKOAuth2.app */;
			productType = "com.apple.product-type.application";
		};
/* End PBXNativeTarget section */

/* Begin PBXProject section */
		840B7F5F24E27EDA00676159 /* Project object */ = {
			isa = PBXProject;
			attributes = {
				LastSwiftUpdateCheck = 1140;
				LastUpgradeCheck = 1140;
				ORGANIZATIONNAME = "Danil Semenov";
				TargetAttributes = {
					840B7F6624E27EDA00676159 = {
						CreatedOnToolsVersion = 11.4;
					};
				};
			};
			buildConfigurationList = 840B7F6224E27EDA00676159 /* Build configuration list for PBXProject "VKOAuth2" */;
			compatibilityVersion = "Xcode 9.3";
			developmentRegion = en;
			hasScannedForEncodings = 0;
			knownRegions = (
				en,
				Base,
			);
			mainGroup = 840B7F5E24E27EDA00676159;
			productRefGroup = 840B7F6824E27EDA00676159 /* Products */;
			projectDirPath = "";
			projectRoot = "";
			targets = (
				840B7F6624E27EDA00676159 /* VKOAuth2 */,
			);
		};
/* End PBXProject section */

/* Begin PBXResourcesBuildPhase section */
		840B7F6524E27EDA00676159 /* Resources */ = {
			isa = PBXResourcesBuildPhase;
			buildActionMask = 2147483647;
			files = (
				840B7F7724E27EF300676159 /* LaunchScreen.storyboard in Resources */,
				840B7F7424E27EF300676159 /* Assets.xcassets in Resources */,
				840B7F7224E27EDA00676159 /* Main.storyboard in Resources */,
			);
			runOnlyForDeploymentPostprocessing = 0;
		};
/* End PBXResourcesBuildPhase section */

/* Begin PBXSourcesBuildPhase section */
		840B7F6324E27EDA00676159 /* Sources */ = {
			isa = PBXSourcesBuildPhase;
			buildActionMask = 2147483647;
			files = (
				840B7F6F24E27EDA00676159 /* ViewController.swift in Sources */,
				840B7F6B24E27EDA00676159 /* AppDelegate.swift in Sources */,
				840B7F6D24E27EDA00676159 /* SceneDelegate.swift in Sources */,
				8439F55D24E3D19300084A86 /* WebViewController.swift in Sources */,
			);
			runOnlyForDeploymentPostprocessing = 0;
		};
/* End PBXSourcesBuildPhase section */

/* Begin PBXVariantGroup section */
		840B7F7024E27EDA00676159 /* Main.storyboard */ = {
			isa = PBXVariantGroup;
			children = (
				840B7F7124E27EDA00676159 /* Base */,
			);
			name = Main.storyboard;
			sourceTree = "<group>";
		};
		840B7F7524E27EF300676159 /* LaunchScreen.storyboard */ = {
			isa = PBXVariantGroup;
			children = (
				840B7F7624E27EF300676159 /* Base */,
			);
			name = LaunchScreen.storyboard;
			sourceTree = "<group>";
		};
/* End PBXVariantGroup section */

/* Begin XCBuildConfiguration section */
		840B7F7924E27EF300676159 /* Debug */ = {
			isa = XCBuildConfiguration;
			buildSettings = {
				ALWAYS_SEARCH_USER_PATHS = NO;
				CLANG_ANALYZER_NONNULL = YES;
				CLANG_ANALYZER_NUMBER_OBJECT_CONVERSION = YES_AGGRESSIVE;
				CLANG_CXX_LANGUAGE_STANDARD = "gnu++14";
				CLANG_CXX_LIBRARY = "libc++";
				CLANG_ENABLE_MODULES = YES;
				CLANG_ENABLE_OBJC_ARC = YES;
				CLANG_ENABLE_OBJC_WEAK = YES;
				CLANG_WARN_BLOCK_CAPTURE_AUTORELEASING = YES;
				CLANG_WARN_BOOL_CONVERSION = YES;
				CLANG_WARN_COMMA = YES;
				CLANG_WARN_CONSTANT_CONVERSION = YES;
				CLANG_WARN_DEPRECATED_OBJC_IMPLEMENTATIONS = YES;
				CLANG_WARN_DIRECT_OBJC_ISA_USAGE = YES_ERROR;
				CLANG_WARN_DOCUMENTATION_COMMENTS = YES;
				CLANG_WARN_EMPTY_BODY = YES;
				CLANG_WARN_ENUM_CONVERSION = YES;
				CLANG_WARN_INFINITE_RECURSION = YES;
				CLANG_WARN_INT_CONVERSION = YES;
				CLANG_WARN_NON_LITERAL_NULL_CONVERSION = YES;
				CLANG_WARN_OBJC_IMPLICIT_RETAIN_SELF = YES;
				CLANG_WARN_OBJC_LITERAL_CONVERSION = YES;
				CLANG_WARN_OBJC_ROOT_CLASS = YES_ERROR;
				CLANG_WARN_RANGE_LOOP_ANALYSIS = YES;
				CLANG_WARN_STRICT_PROTOTYPES = YES;
				CLANG_WARN_SUSPICIOUS_MOVE = YES;
				CLANG_WARN_UNGUARDED_AVAILABILITY = YES_AGGRESSIVE;
				CLANG_WARN_UNREACHABLE_CODE = YES;
				CLANG_WARN__DUPLICATE_METHOD_MATCH = YES;
				COPY_PHASE_STRIP = NO;
				DEBUG_INFORMATION_FORMAT = dwarf;
				ENABLE_STRICT_OBJC_MSGSEND = YES;
				ENABLE_TESTABILITY = YES;
				GCC_C_LANGUAGE_STANDARD = gnu11;
				GCC_DYNAMIC_NO_PIC = NO;
				GCC_NO_COMMON_BLOCKS = YES;
				GCC_OPTIMIZATION_LEVEL = 0;
				GCC_PREPROCESSOR_DEFINITIONS = (
					"DEBUG=1",
					"$(inherited)",
				);
				GCC_WARN_64_TO_32_BIT_CONVERSION = YES;
				GCC_WARN_ABOUT_RETURN_TYPE = YES_ERROR;
				GCC_WARN_UNDECLARED_SELECTOR = YES;
				GCC_WARN_UNINITIALIZED_AUTOS = YES_AGGRESSIVE;
				GCC_WARN_UNUSED_FUNCTION = YES;
				GCC_WARN_UNUSED_VARIABLE = YES;
				IPHONEOS_DEPLOYMENT_TARGET = 13.4;
				MTL_ENABLE_DEBUG_INFO = INCLUDE_SOURCE;
				MTL_FAST_MATH = YES;
				ONLY_ACTIVE_ARCH = YES;
				SDKROOT = iphoneos;
				SWIFT_ACTIVE_COMPILATION_CONDITIONS = DEBUG;
				SWIFT_OPTIMIZATION_LEVEL = "-Onone";
			};
			name = Debug;
		};
		840B7F7A24E27EF300676159 /* Release */ = {
			isa = XCBuildConfiguration;
			buildSettings = {
				ALWAYS_SEARCH_USER_PATHS = NO;
				CLANG_ANALYZER_NONNULL = YES;
				CLANG_ANALYZER_NUMBER_OBJECT_CONVERSION = YES_AGGRESSIVE;
				CLANG_CXX_LANGUAGE_STANDARD = "gnu++14";
				CLANG_CXX_LIBRARY = "libc++";
				CLANG_ENABLE_MODULES = YES;
				CLANG_ENABLE_OBJC_ARC = YES;
				CLANG_ENABLE_OBJC_WEAK = YES;
				CLANG_WARN_BLOCK_CAPTURE_AUTORELEASING = YES;
				CLANG_WARN_BOOL_CONVERSION = YES;
				CLANG_WARN_COMMA = YES;
				CLANG_WARN_CONSTANT_CONVERSION = YES;
				CLANG_WARN_DEPRECATED_OBJC_IMPLEMENTATIONS = YES;
				CLANG_WARN_DIRECT_OBJC_ISA_USAGE = YES_ERROR;
				CLANG_WARN_DOCUMENTATION_COMMENTS = YES;
				CLANG_WARN_EMPTY_BODY = YES;
				CLANG_WARN_ENUM_CONVERSION = YES;
				CLANG_WARN_INFINITE_RECURSION = YES;
				CLANG_WARN_INT_CONVERSION = YES;
				CLANG_WARN_NON_LITERAL_NULL_CONVERSION = YES;
				CLANG_WARN_OBJC_IMPLICIT_RETAIN_SELF = YES;
				CLANG_WARN_OBJC_LITERAL_CONVERSION = YES;
				CLANG_WARN_OBJC_ROOT_CLASS = YES_ERROR;
				CLANG_WARN_RANGE_LOOP_ANALYSIS = YES;
				CLANG_WARN_STRICT_PROTOTYPES = YES;
				CLANG_WARN_SUSPICIOUS_MOVE = YES;
				CLANG_WARN_UNGUARDED_AVAILABILITY = YES_AGGRESSIVE;
				CLANG_WARN_UNREACHABLE_CODE = YES;
				CLANG_WARN__DUPLICATE_METHOD_MATCH = YES;
				COPY_PHASE_STRIP = NO;
				DEBUG_INFORMATION_FORMAT = "dwarf-with-dsym";
				ENABLE_NS_ASSERTIONS = NO;
				ENABLE_STRICT_OBJC_MSGSEND = YES;
				GCC_C_LANGUAGE_STANDARD = gnu11;
				GCC_NO_COMMON_BLOCKS = YES;
				GCC_WARN_64_TO_32_BIT_CONVERSION = YES;
				GCC_WARN_ABOUT_RETURN_TYPE = YES_ERROR;
				GCC_WARN_UNDECLARED_SELECTOR = YES;
				GCC_WARN_UNINITIALIZED_AUTOS = YES_AGGRESSIVE;
				GCC_WARN_UNUSED_FUNCTION = YES;
				GCC_WARN_UNUSED_VARIABLE = YES;
				IPHONEOS_DEPLOYMENT_TARGET = 13.4;
				MTL_ENABLE_DEBUG_INFO = NO;
				MTL_FAST_MATH = YES;
				SDKROOT = iphoneos;
				SWIFT_COMPILATION_MODE = wholemodule;
				SWIFT_OPTIMIZATION_LEVEL = "-O";
				VALIDATE_PRODUCT = YES;
			};
			name = Release;
		};
		840B7F7C24E27EF300676159 /* Debug */ = {
			isa = XCBuildConfiguration;
			buildSettings = {
				ASSETCATALOG_COMPILER_APPICON_NAME = AppIcon;
				CODE_SIGN_STYLE = Automatic;
				INFOPLIST_FILE = VKOAuth2/Info.plist;
				LD_RUNPATH_SEARCH_PATHS = (
					"$(inherited)",
					"@executable_path/Frameworks",
				);
				PRODUCT_BUNDLE_IDENTIFIER = semenov.VKOAuth2;
				PRODUCT_NAME = "$(TARGET_NAME)";
				SWIFT_VERSION = 5.0;
				TARGETED_DEVICE_FAMILY = "1,2";
			};
			name = Debug;
		};
		840B7F7D24E27EF300676159 /* Release */ = {
			isa = XCBuildConfiguration;
			buildSettings = {
				ASSETCATALOG_COMPILER_APPICON_NAME = AppIcon;
				CODE_SIGN_STYLE = Automatic;
				INFOPLIST_FILE = VKOAuth2/Info.plist;
				LD_RUNPATH_SEARCH_PATHS = (
					"$(inherited)",
					"@executable_path/Frameworks",
				);
				PRODUCT_BUNDLE_IDENTIFIER = semenov.VKOAuth2;
				PRODUCT_NAME = "$(TARGET_NAME)";
				SWIFT_VERSION = 5.0;
				TARGETED_DEVICE_FAMILY = "1,2";
			};
			name = Release;
		};
/* End XCBuildConfiguration section */

/* Begin XCConfigurationList section */
		840B7F6224E27EDA00676159 /* Build configuration list for PBXProject "VKOAuth2" */ = {
			isa = XCConfigurationList;
			buildConfigurations = (
				840B7F7924E27EF300676159 /* Debug */,
				840B7F7A24E27EF300676159 /* Release */,
			);
			defaultConfigurationIsVisible = 0;
			defaultConfigurationName = Release;
		};
		840B7F7B24E27EF300676159 /* Build configuration list for PBXNativeTarget "VKOAuth2" */ = {
			isa = XCConfigurationList;
			buildConfigurations = (
				840B7F7C24E27EF300676159 /* Debug */,
				840B7F7D24E27EF300676159 /* Release */,
			);
			defaultConfigurationIsVisible = 0;
			defaultConfigurationName = Release;
		};
/* End XCConfigurationList section */
	};
	rootObject = 840B7F5F24E27EDA00676159 /* Project object */;
}
